dependencies:
- name: kube-prometheus-stack
  repository: https://prometheus-community.github.io/helm-charts
  version: 88.6.1
- name: prometheus-cloudwatch-exporter
  repository: https://prometheus-community.github.io/helm-charts
  version: 0.28.1
digest: sha256:6c5d56038bb44493d3f7724202618aab443c134b50a32e74527186997803cda4
generated: "2026-08-30T20:48:14.640329+02:00"
